
Microsoft Visual Studio Solution File, Format Version 12.00
# Blend for Visual Studio Version 16
VisualStudioVersion = 16.0.30907.101
MinimumVisualStudioVersion = 10.0.40219.1
Project("{FAE04EC0-301F-11D3-BF4B-00C04F79EFBC}") = "YoutubeDownloader", "YoutubeDownloader\YoutubeDownloader.csproj", "{BF3514B4-F97F-49AB-97E3-127AD9CF6EBD}"
EndProject
Global
	GlobalSection(SolutionConfigurationPlatforms) = preSolution
		Debug|Any CPU = Debug|Any CPU
		Release|Any CPU = Release|Any CPU
	EndGlobalSection
	GlobalSection(ProjectConfigurationPlatforms) = postSolution
		{BF3514B4-F97F-49AB-97E3-127AD9CF6EBD}.Debug|Any CPU.ActiveCfg = Debug|Any CPU
		{BF3514B4-F97F-49AB-97E3-127AD9CF6EBD}.Debug|Any CPU.Build.0 = Debug|Any CPU
		{BF3514B4-F97F-49AB-97E3-127AD9CF6EBD}.Release|Any CPU.ActiveCfg = Release|Any CPU
		{BF3514B4-F97F-49AB-97E3-127AD9CF6EBD}.Release|Any CPU.Build.0 = Release|Any CPU
	EndGlobalSection
	GlobalSection(SolutionProperties) = preSolution
		HideSolutionNode = FALSE
	EndGlobalSection
	GlobalSection(ExtensibilityGlobals) = postSolution
		SolutionGuid = {8415C012-49BC-4A5D-A445-405B971F963C}
	EndGlobalSection
EndGlobal
